hash: c37496539577ed2757533ba06e9fd94ec11bd71be3e3c556d05c93013751ed1c
updated: 2017-05-08T13:50:59.697335135+03:00
imports:
- name: github.com/golang/glog
  version: 23def4e6c14b4da8ac2ed8007337bc5eb5007998
- name: github.com/tcnksm/go-httpstat
  version: ae0d799e7ee65d3dc46d7272368daa830aef6c5a
testImports: []
