hash: 20683e55f7ba557045c20d2909a22687937806278c901b4e373b8166bf1ddafd
updated: 2018-08-24T12:19:09.0799155Z
imports:
- name: github.com/golang/glog
  version: 23def4e6c14b4da8ac2ed8007337bc5eb5007998
- name: github.com/tcnksm/go-httpstat
  version: fae40520f4ba0a112874d1f0deb9498ebb2198cb
testImports: []
